
Microsoft Visual Studio Solution File, Format Version 12.00
# Visual Studio Version 17
VisualStudioVersion = 17.14.36119.2 d17.14
MinimumVisualStudioVersion = 10.0.40219.1
Project("{FAE04EC0-301F-11D3-BF4B-00C04F79EFBC}") = "LocalConnector", "LocalConnector\LocalConnector.csproj", "{4F68EB32-082A-4FF3-9654-6ADEB8AEBB11}"
EndProject
Global
	GlobalSection(SolutionConfigurationPlatforms) = preSolution
		Debug|Any CPU = Debug|Any CPU
		Release|Any CPU = Release|Any CPU
	EndGlobalSection
	GlobalSection(ProjectConfigurationPlatforms) = postSolution
		{4F68EB32-082A-4FF3-9654-6ADEB8AEBB11}.Debug|Any CPU.ActiveCfg = Debug|Any CPU
		{4F68EB32-082A-4FF3-9654-6ADEB8AEBB11}.Debug|Any CPU.Build.0 = Debug|Any CPU
		{4F68EB32-082A-4FF3-9654-6ADEB8AEBB11}.Release|Any CPU.ActiveCfg = Release|Any CPU
		{4F68EB32-082A-4FF3-9654-6ADEB8AEBB11}.Release|Any CPU.Build.0 = Release|Any CPU
	EndGlobalSection
	GlobalSection(SolutionProperties) = preSolution
		HideSolutionNode = FALSE
	EndGlobalSection
	GlobalSection(ExtensibilityGlobals) = postSolution
		SolutionGuid = {BEE8672B-9C94-4FA1-B229-E7DE03FA7FF4}
	EndGlobalSection
EndGlobal
